version = 1
revision = 2
requires-python = ">=3.13"

[[package]]
name = "beautifulsoup4"
version = "4.12.2"
source = { registry = "https://pypi.org/simple" }
dependencies = [
    { name = "soupsieve" },
]
sdist = { url = "https://files.pythonhosted.org/packages/af/0b/44c39cf3b18a9280950ad63a579ce395dda4c32193ee9da7ff0aed547094/beautifulsoup4-4.12.2.tar.gz", hash = "sha256:492bbc69dca35d12daac71c4db1bfff0c876c00ef4a2ffacce226d4638eb72da", size = 505113, upload-time = "2023-04-07T15:02:49.038Z" }
wheels = [
    { url = "https://files.pythonhosted.org/packages/57/f4/a69c20ee4f660081a7dedb1ac57f29be9378e04edfcb90c526b923d4bebc/beautifulsoup4-4.12.2-py3-none-any.whl", hash = "sha256:bd2520ca0d9d7d12694a53d44ac482d181b4ec1888909b035a3dbf40d0f57d4a", size = 142979, upload-time = "2023-04-07T15:02:50.77Z" },
]

[[package]]
name = "bs4"
version = "0.0.1"
source = { registry = "https://pypi.org/simple" }
dependencies = [
    { name = "beautifulsoup4" },
]
sdist = { url = "https://files.pythonhosted.org/packages/10/ed/7e8b97591f6f456174139ec089c769f89a94a1a4025fe967691de971f314/bs4-0.0.1.tar.gz", hash = "sha256:36ecea1fd7cc5c0c6e4a1ff075df26d50da647b75376626cc186e2212886dd3a", size = 1121, upload-time = "2016-03-03T13:25:12.284Z" }

[[package]]
name = "cachetools"
version = "5.3.2"
source = { registry = "https://pypi.org/simple" }
sdist = { url = "https://files.pythonhosted.org/packages/10/21/1b6880557742c49d5b0c4dcf0cf544b441509246cdd71182e0847ac859d5/cachetools-5.3.2.tar.gz", hash = "sha256:086ee420196f7b2ab9ca2db2520aca326318b68fe5ba8bc4d49cca91add450f2", size = 26510, upload-time = "2023-10-24T18:12:04.652Z" }
wheels = [
    { url = "https://files.pythonhosted.org/packages/a2/91/2d843adb9fbd911e0da45fbf6f18ca89d07a087c3daa23e955584f90ebf4/cachetools-5.3.2-py3-none-any.whl", hash = "sha256:861f35a13a451f94e301ce2bec7cac63e881232ccce7ed67fab9b5df4d3beaa1", size = 9293, upload-time = "2023-10-24T18:12:02.088Z" },
]

[[package]]
name = "certifi"
version = "2023.11.17"
source = { registry = "https://pypi.org/simple" }
sdist = { url = "https://files.pythonhosted.org/packages/d4/91/c89518dd4fe1f3a4e3f6ab7ff23cb00ef2e8c9adf99dacc618ad5e068e28/certifi-2023.11.17.tar.gz", hash = "sha256:9b469f3a900bf28dc19b8cfbf8019bf47f7fdd1a65a1d4ffb98fc14166beb4d1", size = 163637, upload-time = "2023-11-18T02:54:02.397Z" }
wheels = [
    { url = "https://files.pythonhosted.org/packages/64/62/428ef076be88fa93716b576e4a01f919d25968913e817077a386fcbe4f42/certifi-2023.11.17-py3-none-any.whl", hash = "sha256:e036ab49d5b79556f99cfc2d9320b34cfbe5be05c5871b51de9329f0603b0474", size = 162530, upload-time = "2023-11-18T02:54:00.083Z" },
]

[[package]]
name = "charset-normalizer"
version = "3.3.2"
source = { registry = "https://pypi.org/simple" }
sdist = { url = "https://files.pythonhosted.org/packages/63/09/c1bc53dab74b1816a00d8d030de5bf98f724c52c1635e07681d312f20be8/charset-normalizer-3.3.2.tar.gz", hash = "sha256:f30c3cb33b24454a82faecaf01b19c18562b1e89558fb6c56de4d9118a032fd5", size = 104809, upload-time = "2023-11-01T04:04:59.997Z" }
wheels = [
    { url = "https://files.pythonhosted.org/packages/28/76/e6222113b83e3622caa4bb41032d0b1bf785250607392e1b778aca0b8a7d/charset_normalizer-3.3.2-py3-none-any.whl", hash = "sha256:3e4d1f6587322d2788836a99c69062fbb091331ec940e02d12d179c1d53e25fc", size = 48543, upload-time = "2023-11-01T04:04:58.622Z" },
]

[[package]]
name = "gmail-to-sqlite"
version = "0.0.0"
source = { virtual = "." }
dependencies = [
    { name = "beautifulsoup4" },
    { name = "bs4" },
    { name = "cachetools" },
    { name = "certifi" },
    { name = "charset-normalizer" },
    { name = "google-api-core" },
    { name = "google-api-python-client" },
    { name = "google-auth" },
    { name = "google-auth-httplib2" },
    { name = "google-auth-oauthlib" },
    { name = "googleapis-common-protos" },
    { name = "httplib2" },
    { name = "idna" },
    { name = "oauthlib" },
    { name = "peewee" },
    { name = "protobuf" },
    { name = "pyasn1" },
    { name = "pyasn1-modules" },
    { name = "pyparsing" },
    { name = "requests" },
    { name = "requests-oauthlib" },
    { name = "rsa" },
    { name = "soupsieve" },
    { name = "uritemplate" },
    { name = "urllib3" },
]

[package.metadata]
requires-dist = [
    { name = "beautifulsoup4", specifier = "==4.12.2" },
    { name = "bs4", specifier = "==0.0.1" },
    { name = "cachetools", specifier = "==5.3.2" },
    { name = "certifi", specifier = "==2023.11.17" },
    { name = "charset-normalizer", specifier = "==3.3.2" },
    { name = "google-api-core", specifier = "==2.15.0" },
    { name = "google-api-python-client", specifier = "==2.112.0" },
    { name = "google-auth", specifier = "==2.26.1" },
    { name = "google-auth-httplib2", specifier = "==0.2.0" },
    { name = "google-auth-oauthlib", specifier = "==1.2.0" },
    { name = "googleapis-common-protos", specifier = "==1.62.0" },
    { name = "httplib2", specifier = "==0.22.0" },
    { name = "idna", specifier = "==3.6" },
    { name = "oauthlib", specifier = "==3.2.2" },
    { name = "peewee", specifier = "==3.17.0" },
    { name = "protobuf", specifier = "==4.25.1" },
    { name = "pyasn1", specifier = "==0.5.1" },
    { name = "pyasn1-modules", specifier = "==0.3.0" },
    { name = "pyparsing", specifier = "==3.1.1" },
    { name = "requests", specifier = "==2.31.0" },
    { name = "requests-oauthlib", specifier = "==1.3.1" },
    { name = "rsa", specifier = "==4.9" },
    { name = "soupsieve", specifier = "==2.5" },
    { name = "uritemplate", specifier = "==4.1.1" },
    { name = "urllib3", specifier = "==2.1.0" },
]

[[package]]
name = "google-api-core"
version = "2.15.0"
source = { registry = "https://pypi.org/simple" }
dependencies = [
    { name = "google-auth" },
    { name = "googleapis-common-protos" },
    { name = "protobuf" },
    { name = "requests" },
]
sdist = { url = "https://files.pythonhosted.org/packages/2c/e4/56b14d35057a23cab9067dd8fb841407d05d32b5d6c7a3c66c1360e8a7c0/google-api-core-2.15.0.tar.gz", hash = "sha256:abc978a72658f14a2df1e5e12532effe40f94f868f6e23d95133bd6abcca35ca", size = 133161, upload-time = "2023-12-07T16:38:28.155Z" }
wheels = [
    { url = "https://files.pythonhosted.org/packages/d6/c9/0462f037b62796fbda4801be62d0ae3147eaeb99e2939661580c98abe3eb/google_api_core-2.15.0-py3-none-any.whl", hash = "sha256:2aa56d2be495551e66bbff7f729b790546f87d5c90e74781aa77233bcb395a8a", size = 121966, upload-time = "2023-12-07T16:38:25.65Z" },
]

[[package]]
name = "google-api-python-client"
version = "2.112.0"
source = { registry = "https://pypi.org/simple" }
dependencies = [
    { name = "google-api-core" },
    { name = "google-auth" },
    { name = "google-auth-httplib2" },
    { name = "httplib2" },
    { name = "uritemplate" },
]
sdist = { url = "https://files.pythonhosted.org/packages/74/1d/67bc8344aff1530fed2f8be7f8c82ddabf7316b35c60f62ab9d16875adf9/google-api-python-client-2.112.0.tar.gz", hash = "sha256:c3bcb5fd70d57f4c94b30c0dbeade53c216febfbf1d771eeb1a2fa74bd0d6756", size = 12465562, upload-time = "2024-01-04T16:44:23.293Z" }
wheels = [
    { url = "https://files.pythonhosted.org/packages/01/72/32f75858bab4dd7e0309482cf0dff750f4e106fe896afe7d866feb337e1a/google_api_python_client-2.112.0-py2.py3-none-any.whl", hash = "sha256:f5e45d9812376deb7e04cda8d8ca5233aa608038bdbf1253ad8f7edcb7f6d595", size = 12994520, upload-time = "2024-01-04T16:44:18.67Z" },
]

[[package]]
name = "google-auth"
version = "2.26.1"
source = { registry = "https://pypi.org/simple" }
dependencies = [
    { name = "cachetools" },
    { name = "pyasn1-modules" },
    { name = "rsa" },
]
sdist = { url = "https://files.pythonhosted.org/packages/bc/c0/b5119831db4888e703b2adaa912709931181678ae3a50ca08d51a3904765/google-auth-2.26.1.tar.gz", hash = "sha256:54385acca5c0fbdda510cd8585ba6f3fcb06eeecf8a6ecca39d3ee148b092590", size = 238839, upload-time = "2024-01-03T22:52:13.739Z" }
wheels = [
    { url = "https://files.pythonhosted.org/packages/93/54/180b2447607fb63c10ba4bed48044b71d112ca83496f96141b65eb278e37/google_auth-2.26.1-py2.py3-none-any.whl", hash = "sha256:2c8b55e3e564f298122a02ab7b97458ccfcc5617840beb5d0ac757ada92c9780", size = 186439, upload-time = "2024-01-03T22:52:10.446Z" },
]

[[package]]
name = "google-auth-httplib2"
version = "0.2.0"
source = { registry = "https://pypi.org/simple" }
dependencies = [
    { name = "google-auth" },
    { name = "httplib2" },
]
sdist = { url = "https://files.pythonhosted.org/packages/56/be/217a598a818567b28e859ff087f347475c807a5649296fb5a817c58dacef/google-auth-httplib2-0.2.0.tar.gz", hash = "sha256:38aa7badf48f974f1eb9861794e9c0cb2a0511a4ec0679b1f886d108f5640e05", size = 10842, upload-time = "2023-12-12T17:40:30.722Z" }
wheels = [
    { url = "https://files.pythonhosted.org/packages/be/8a/fe34d2f3f9470a27b01c9e76226965863f153d5fbe276f83608562e49c04/google_auth_httplib2-0.2.0-py2.py3-none-any.whl", hash = "sha256:b65a0a2123300dd71281a7bf6e64d65a0759287df52729bdd1ae2e47dc311a3d", size = 9253, upload-time = "2023-12-12T17:40:13.055Z" },
]

[[package]]
name = "google-auth-oauthlib"
version = "1.2.0"
source = { registry = "https://pypi.org/simple" }
dependencies = [
    { name = "google-auth" },
    { name = "requests-oauthlib" },
]
sdist = { url = "https://files.pythonhosted.org/packages/44/77/7433818d44cadd1964473b1d9ab5ecea36e6f951cf2b5188e08f7ebd5dab/google-auth-oauthlib-1.2.0.tar.gz", hash = "sha256:292d2d3783349f2b0734a0a0207b1e1e322ac193c2c09d8f7c613fb7cc501ea8", size = 24829, upload-time = "2023-12-12T17:40:31.227Z" }
wheels = [
    { url = "https://files.pythonhosted.org/packages/71/bf/9e125754d1adb3bc4bd206c4e5df756513b1d23675ac06caa471278d1f3f/google_auth_oauthlib-1.2.0-py2.py3-none-any.whl", hash = "sha256:297c1ce4cb13a99b5834c74a1fe03252e1e499716718b190f56bcb9c4abc4faf", size = 24926, upload-time = "2023-12-12T17:40:16.155Z" },
]

[[package]]
name = "googleapis-common-protos"
version = "1.62.0"
source = { registry = "https://pypi.org/simple" }
dependencies = [
    { name = "protobuf" },
]
sdist = { url = "https://files.pythonhosted.org/packages/4a/5f/eb12d721b45d20a977289d674e179995a0ddab1684d2c61b29a63d43a5f1/googleapis-common-protos-1.62.0.tar.gz", hash = "sha256:83f0ece9f94e5672cced82f592d2a5edf527a96ed1794f0bab36d5735c996277", size = 121172, upload-time = "2023-12-07T19:19:08.002Z" }
wheels = [
    { url = "https://files.pythonhosted.org/packages/f0/43/c9d8f75ddf08e2a0a27db243c13a700c3cc7ec615b545b697cf6f715ad92/googleapis_common_protos-1.62.0-py2.py3-none-any.whl", hash = "sha256:4750113612205514f9f6aa4cb00d523a94f3e8c06c5ad2fee466387dc4875f07", size = 228660, upload-time = "2023-12-07T19:19:06.149Z" },
]

[[package]]
name = "httplib2"
version = "0.22.0"
source = { registry = "https://pypi.org/simple" }
dependencies = [
    { name = "pyparsing" },
]
sdist = { url = "https://files.pythonhosted.org/packages/3d/ad/2371116b22d616c194aa25ec410c9c6c37f23599dcd590502b74db197584/httplib2-0.22.0.tar.gz", hash = "sha256:d7a10bc5ef5ab08322488bde8c726eeee5c8618723fdb399597ec58f3d82df81", size = 351116, upload-time = "2023-03-21T22:29:37.214Z" }
wheels = [
    { url = "https://files.pythonhosted.org/packages/a8/6c/d2fbdaaa5959339d53ba38e94c123e4e84b8fbc4b84beb0e70d7c1608486/httplib2-0.22.0-py3-none-any.whl", hash = "sha256:14ae0a53c1ba8f3d37e9e27cf37eabb0fb9980f435ba405d546948b009dd64dc", size = 96854, upload-time = "2023-03-21T22:29:35.683Z" },
]

[[package]]
name = "idna"
version = "3.6"
source = { registry = "https://pypi.org/simple" }
sdist = { url = "https://files.pythonhosted.org/packages/bf/3f/ea4b9117521a1e9c50344b909be7886dd00a519552724809bb1f486986c2/idna-3.6.tar.gz", hash = "sha256:9ecdbbd083b06798ae1e86adcbfe8ab1479cf864e4ee30fe4e46a003d12491ca", size = 175426, upload-time = "2023-11-25T15:40:54.902Z" }
wheels = [
    { url = "https://files.pythonhosted.org/packages/c2/e7/a82b05cf63a603df6e68d59ae6a68bf5064484a0718ea5033660af4b54a9/idna-3.6-py3-none-any.whl", hash = "sha256:c05567e9c24a6b9faaa835c4821bad0590fbb9d5779e7caa6e1cc4978e7eb24f", size = 61567, upload-time = "2023-11-25T15:40:52.604Z" },
]

[[package]]
name = "oauthlib"
version = "3.2.2"
source = { registry = "https://pypi.org/simple" }
sdist = { url = "https://files.pythonhosted.org/packages/6d/fa/fbf4001037904031639e6bfbfc02badfc7e12f137a8afa254df6c4c8a670/oauthlib-3.2.2.tar.gz", hash = "sha256:9859c40929662bec5d64f34d01c99e093149682a3f38915dc0655d5a633dd918", size = 177352, upload-time = "2022-10-17T20:04:27.471Z" }
wheels = [
    { url = "https://files.pythonhosted.org/packages/7e/80/cab10959dc1faead58dc8384a781dfbf93cb4d33d50988f7a69f1b7c9bbe/oauthlib-3.2.2-py3-none-any.whl", hash = "sha256:8139f29aac13e25d502680e9e19963e83f16838d48a0d71c287fe40e7067fbca", size = 151688, upload-time = "2022-10-17T20:04:24.037Z" },
]

[[package]]
name = "peewee"
version = "3.17.0"
source = { registry = "https://pypi.org/simple" }
sdist = { url = "https://files.pythonhosted.org/packages/6a/30/a727bb1420076b3c14b60911d111f0fc0449d31a1123a1ad18878a7a4e40/peewee-3.17.0.tar.gz", hash = "sha256:3a56967f28a43ca7a4287f4803752aeeb1a57a08dee2e839b99868181dfb5df8", size = 2947385, upload-time = "2023-10-13T15:45:49.386Z" }

[[package]]
name = "protobuf"
version = "4.25.1"
source = { registry = "https://pypi.org/simple" }
sdist = { url = "https://files.pythonhosted.org/packages/59/5f/b2d00e6a08d97656a27832d4d146e03ffc46ae74b4699740674bea13a905/protobuf-4.25.1.tar.gz", hash = "sha256:57d65074b4f5baa4ab5da1605c02be90ac20c8b40fb137d6a8df9f416b0d0ce2", size = 380275, upload-time = "2023-11-15T23:30:19.811Z" }
wheels = [
    { url = "https://files.pythonhosted.org/packages/b2/88/dab1332a8488cacd720c145980ee4592fa70bf84f2a9a92e438868fc64bc/protobuf-4.25.1-cp310-abi3-win32.whl", hash = "sha256:193f50a6ab78a970c9b4f148e7c750cfde64f59815e86f686c22e26b4fe01ce7", size = 392412, upload-time = "2023-11-15T23:29:56.33Z" },
    { url = "https://files.pythonhosted.org/packages/fe/6b/7f177e8d6fe4caa14f4065433af9f879d4fab84f0d17dcba7b407f6bd808/protobuf-4.25.1-cp310-abi3-win_amd64.whl", hash = "sha256:3497c1af9f2526962f09329fd61a36566305e6c72da2590ae0d7d1322818843b", size = 413407, upload-time = "2023-11-15T23:29:59.538Z" },
    { url = "https://files.pythonhosted.org/packages/e6/db/7b2edc72807d45d72f9db42f3eb86ddaf37f9e55d923159b1dbfc9d835bc/protobuf-4.25.1-cp37-abi3-macosx_10_9_universal2.whl", hash = "sha256:0bf384e75b92c42830c0a679b0cd4d6e2b36ae0cf3dbb1e1dfdda48a244f4bcd", size = 394164, upload-time = "2023-11-15T23:30:01.945Z" },
    { url = "https://files.pythonhosted.org/packages/f2/74/41037079732f1976616356acc13bddceacd5d0c60d77ce3b4c79ba230d27/protobuf-4.25.1-cp37-abi3-manylinux2014_aarch64.whl", hash = "sha256:0f881b589ff449bf0b931a711926e9ddaad3b35089cc039ce1af50b21a4ae8cb", size = 293702, upload-time = "2023-11-15T23:30:04.689Z" },
    { url = "https://files.pythonhosted.org/packages/ae/5b/7ed02a9b8e752c8f7bca8661779c0275b9e3e6a903a3045e6da51f796dda/protobuf-4.25.1-cp37-abi3-manylinux2014_x86_64.whl", hash = "sha256:ca37bf6a6d0046272c152eea90d2e4ef34593aaa32e8873fc14c16440f22d4b7", size = 294614, upload-time = "2023-11-15T23:30:06.609Z" },
    { url = "https://files.pythonhosted.org/packages/57/6b/cb08c28a90375e18aa80913253135b5fb6e6b1ff5c1472ba833836540f16/protobuf-4.25.1-py3-none-any.whl", hash = "sha256:a19731d5e83ae4737bb2a089605e636077ac001d18781b3cf489b9546c7c80d6", size = 156468, upload-time = "2023-11-15T23:30:17.72Z" },
]

[[package]]
name = "pyasn1"
version = "0.5.1"
source = { registry = "https://pypi.org/simple" }
sdist = { url = "https://files.pythonhosted.org/packages/ce/dc/996e5446a94627fe8192735c20300ca51535397e31e7097a3cc80ccf78b7/pyasn1-0.5.1.tar.gz", hash = "sha256:6d391a96e59b23130a5cfa74d6fd7f388dbbe26cc8f1edf39fdddf08d9d6676c", size = 147134, upload-time = "2023-11-20T20:53:01.453Z" }
wheels = [
    { url = "https://files.pythonhosted.org/packages/d1/75/4686d2872bf2fc0b37917cbc8bbf0dd3a5cdb0990799be1b9cbf1e1eb733/pyasn1-0.5.1-py2.py3-none-any.whl", hash = "sha256:4439847c58d40b1d0a573d07e3856e95333f1976294494c325775aeca506eb58", size = 84930, upload-time = "2023-11-20T20:52:56.135Z" },
]

[[package]]
name = "pyasn1-modules"
version = "0.3.0"
source = { registry = "https://pypi.org/simple" }
dependencies = [
    { name = "pyasn1" },
]
sdist = { url = "https://files.pythonhosted.org/packages/3b/e4/7dec823b1b5603c5b3c51e942d5d9e65efd6ff946e713a325ed4146d070f/pyasn1_modules-0.3.0.tar.gz", hash = "sha256:5bd01446b736eb9d31512a30d46c1ac3395d676c6f3cafa4c03eb54b9925631c", size = 307901, upload-time = "2023-04-20T01:31:22.369Z" }
wheels = [
    { url = "https://files.pythonhosted.org/packages/cd/8e/bea464350e1b8c6ed0da3a312659cb648804a08af6cacc6435867f74f8bd/pyasn1_modules-0.3.0-py2.py3-none-any.whl", hash = "sha256:d3ccd6ed470d9ffbc716be08bd90efbd44d0734bc9303818f7336070984a162d", size = 181306, upload-time = "2023-04-20T01:30:05.837Z" },
]

[[package]]
name = "pyparsing"
version = "3.1.1"
source = { registry = "https://pypi.org/simple" }
sdist = { url = "https://files.pythonhosted.org/packages/37/fe/65c989f70bd630b589adfbbcd6ed238af22319e90f059946c26b4835e44b/pyparsing-3.1.1.tar.gz", hash = "sha256:ede28a1a32462f5a9705e07aea48001a08f7cf81a021585011deba701581a0db", size = 884814, upload-time = "2023-07-30T15:07:02.617Z" }
wheels = [
    { url = "https://files.pythonhosted.org/packages/39/92/8486ede85fcc088f1b3dba4ce92dd29d126fd96b0008ea213167940a2475/pyparsing-3.1.1-py3-none-any.whl", hash = "sha256:32c7c0b711493c72ff18a981d24f28aaf9c1fb7ed5e9667c9e84e3db623bdbfb", size = 103139, upload-time = "2023-07-30T15:06:59.829Z" },
]

[[package]]
name = "requests"
version = "2.31.0"
source = { registry = "https://pypi.org/simple" }
dependencies = [
    { name = "certifi" },
    { name = "charset-normalizer" },
    { name = "idna" },
    { name = "urllib3" },
]
sdist = { url = "https://files.pythonhosted.org/packages/9d/be/10918a2eac4ae9f02f6cfe6414b7a155ccd8f7f9d4380d62fd5b955065c3/requests-2.31.0.tar.gz", hash = "sha256:942c5a758f98d790eaed1a29cb6eefc7ffb0d1cf7af05c3d2791656dbd6ad1e1", size = 110794, upload-time = "2023-05-22T15:12:44.175Z" }
wheels = [
    { url = "https://files.pythonhosted.org/packages/70/8e/0e2d847013cb52cd35b38c009bb167a1a26b2ce6cd6965bf26b47bc0bf44/requests-2.31.0-py3-none-any.whl", hash = "sha256:58cd2187c01e70e6e26505bca751777aa9f2ee0b7f4300988b709f44e013003f", size = 62574, upload-time = "2023-05-22T15:12:42.313Z" },
]

[[package]]
name = "requests-oauthlib"
version = "1.3.1"
source = { registry = "https://pypi.org/simple" }
dependencies = [
    { name = "oauthlib" },
    { name = "requests" },
]
sdist = { url = "https://files.pythonhosted.org/packages/95/52/531ef197b426646f26b53815a7d2a67cb7a331ef098bb276db26a68ac49f/requests-oauthlib-1.3.1.tar.gz", hash = "sha256:75beac4a47881eeb94d5ea5d6ad31ef88856affe2332b9aafb52c6452ccf0d7a", size = 52027, upload-time = "2022-01-29T18:52:24.037Z" }
wheels = [
    { url = "https://files.pythonhosted.org/packages/6f/bb/5deac77a9af870143c684ab46a7934038a53eb4aa975bc0687ed6ca2c610/requests_oauthlib-1.3.1-py2.py3-none-any.whl", hash = "sha256:2577c501a2fb8d05a304c09d090d6e47c306fef15809d102b327cf8364bddab5", size = 23892, upload-time = "2022-01-29T18:52:22.279Z" },
]

[[package]]
name = "rsa"
version = "4.9"
source = { registry = "https://pypi.org/simple" }
dependencies = [
    { name = "pyasn1" },
]
sdist = { url = "https://files.pythonhosted.org/packages/aa/65/7d973b89c4d2351d7fb232c2e452547ddfa243e93131e7cfa766da627b52/rsa-4.9.tar.gz", hash = "sha256:e38464a49c6c85d7f1351b0126661487a7e0a14a50f1675ec50eb34d4f20ef21", size = 29711, upload-time = "2022-07-20T10:28:36.115Z" }
wheels = [
    { url = "https://files.pythonhosted.org/packages/49/97/fa78e3d2f65c02c8e1268b9aba606569fe97f6c8f7c2d74394553347c145/rsa-4.9-py3-none-any.whl", hash = "sha256:90260d9058e514786967344d0ef75fa8727eed8a7d2e43ce9f4bcf1b536174f7", size = 34315, upload-time = "2022-07-20T10:28:34.978Z" },
]

[[package]]
name = "soupsieve"
version = "2.5"
source = { registry = "https://pypi.org/simple" }
sdist = { url = "https://files.pythonhosted.org/packages/ce/21/952a240de1c196c7e3fbcd4e559681f0419b1280c617db21157a0390717b/soupsieve-2.5.tar.gz", hash = "sha256:5663d5a7b3bfaeee0bc4372e7fc48f9cff4940b3eec54a6451cc5299f1097690", size = 100943, upload-time = "2023-09-02T12:48:22.131Z" }
wheels = [
    { url = "https://files.pythonhosted.org/packages/4c/f3/038b302fdfbe3be7da016777069f26ceefe11a681055ea1f7817546508e3/soupsieve-2.5-py3-none-any.whl", hash = "sha256:eaa337ff55a1579b6549dc679565eac1e3d000563bcb1c8ab0d0fefbc0c2cdc7", size = 36131, upload-time = "2023-09-02T12:48:20.552Z" },
]

[[package]]
name = "uritemplate"
version = "4.1.1"
source = { registry = "https://pypi.org/simple" }
sdist = { url = "https://files.pythonhosted.org/packages/d2/5a/4742fdba39cd02a56226815abfa72fe0aa81c33bed16ed045647d6000eba/uritemplate-4.1.1.tar.gz", hash = "sha256:4346edfc5c3b79f694bccd6d6099a322bbeb628dbf2cd86eea55a456ce5124f0", size = 273898, upload-time = "2021-10-13T11:15:14.84Z" }
wheels = [
    { url = "https://files.pythonhosted.org/packages/81/c0/7461b49cd25aeece13766f02ee576d1db528f1c37ce69aee300e075b485b/uritemplate-4.1.1-py2.py3-none-any.whl", hash = "sha256:830c08b8d99bdd312ea4ead05994a38e8936266f84b9a7878232db50b044e02e", size = 10356, upload-time = "2021-10-13T11:15:12.316Z" },
]

[[package]]
name = "urllib3"
version = "2.1.0"
source = { registry = "https://pypi.org/simple" }
sdist = { url = "https://files.pythonhosted.org/packages/36/dd/a6b232f449e1bc71802a5b7950dc3675d32c6dbc2a1bd6d71f065551adb6/urllib3-2.1.0.tar.gz", hash = "sha256:df7aa8afb0148fa78488e7899b2c59b5f4ffcfa82e6c54ccb9dd37c1d7b52d54", size = 263900, upload-time = "2023-11-13T12:29:45.049Z" }
wheels = [
    { url = "https://files.pythonhosted.org/packages/96/94/c31f58c7a7f470d5665935262ebd7455c7e4c7782eb525658d3dbf4b9403/urllib3-2.1.0-py3-none-any.whl", hash = "sha256:55901e917a5896a349ff771be919f8bd99aff50b79fe58fec595eb37bbc56bb3", size = 104579, upload-time = "2023-11-13T12:29:42.719Z" },
]
